
Microsoft Visual Studio Solution File, Format Version 12.00
# Visual Studio 14
VisualStudioVersion = 14.0.25123.0
MinimumVisualStudioVersion = 10.0.40219.1
Project("{FAE04EC0-301F-11D3-BF4B-00C04F79EFBC}") = "Adapter", "Adapter\Adapter.csproj", "{71577E93-E74E-43B5-A362-A814F03F6574}"
EndProject
Project("{FAE04EC0-301F-11D3-BF4B-00C04F79EFBC}") = "Bridge", "Bridge\Bridge.csproj", "{1E0A06D3-2C43-4029-B3D6-A4D51C1D19D4}"
EndProject
Project("{FAE04EC0-301F-11D3-BF4B-00C04F79EFBC}") = "Builder", "Builder\Builder.csproj", "{3A52443D-9C45-44F8-BC1B-517199123581}"
EndProject
Project("{FAE04EC0-301F-11D3-BF4B-00C04F79EFBC}") = "ChainOfResponsibility", "ChainOfResponsibility\ChainOfResponsibility.csproj", "{CD295223-E036-4BD4-A163-5DD4FE1EA6BD}"
EndProject
Project("{FAE04EC0-301F-11D3-BF4B-00C04F79EFBC}") = "Command", "Command\Command.csproj", "{6EEDEB6D-9F12-4CAC-8517-2EA306098374}"
EndProject
Project("{FAE04EC0-301F-11D3-BF4B-00C04F79EFBC}") = "Composite", "Composite\Composite.csproj", "{FCB55F01-59F0-4C7C-BC06-A553DBDE6552}"
EndProject
Project("{FAE04EC0-301F-11D3-BF4B-00C04F79EFBC}") = "Decorator", "Decorator\Decorator.csproj", "{488FB008-255F-4FC3-B4CA-2BC10592A5D9}"
EndProject
Project("{FAE04EC0-301F-11D3-BF4B-00C04F79EFBC}") = "EventAggregator", "EventAggregator\EventAggregator.csproj", "{235759B4-D653-4DA4-9AB4-F7ECC1BC1421}"
EndProject
Project("{FAE04EC0-301F-11D3-BF4B-00C04F79EFBC}") = "Facade", "Facade\Facade.csproj", "{9350A29A-7BCD-4FC0-937D-760D76CD6FF0}"
EndProject
Project("{FAE04EC0-301F-11D3-BF4B-00C04F79EFBC}") = "Factory", "Factory\Factory.csproj", "{0D249F3D-F79B-4F2F-9087-C7101AC61E8F}"
EndProject
Project("{FAE04EC0-301F-11D3-BF4B-00C04F79EFBC}") = "Flyweight", "Flyweight\Flyweight.csproj", "{BC93DFCA-0E9C-44BE-A21D-00C398FAB8F6}"
EndProject
Project("{FAE04EC0-301F-11D3-BF4B-00C04F79EFBC}") = "Interpreter", "Interpreter\Interpreter.csproj", "{C9F46A28-F78E-48F2-8507-6E1B9D94D6FD}"
EndProject
Project("{FAE04EC0-301F-11D3-BF4B-00C04F79EFBC}") = "Iterator", "Iterator\Iterator.csproj", "{138F4793-42F2-4D8A-AB80-8415F5DCF7AE}"
EndProject
Project("{FAE04EC0-301F-11D3-BF4B-00C04F79EFBC}") = "LazyLoad", "LazyLoad\LazyLoad.csproj", "{0E042479-93AB-4171-A8E1-BD754091C30E}"
EndProject
Project("{FAE04EC0-301F-11D3-BF4B-00C04F79EFBC}") = "Mediator", "Mediator\Mediator.csproj", "{7C530D69-2570-4ADA-8E2C-9EF051A42176}"
EndProject
Project("{FAE04EC0-301F-11D3-BF4B-00C04F79EFBC}") = "Memento", "Memento\Memento.csproj", "{C65EF2F9-6401-4BB6-940F-47616A4C0399}"
EndProject
Project("{FAE04EC0-301F-11D3-BF4B-00C04F79EFBC}") = "MVP", "MVP\MVP.csproj", "{D98F4275-AEC6-4175-8C8A-0035B4E92DCE}"
EndProject
Project("{FAE04EC0-301F-11D3-BF4B-00C04F79EFBC}") = "MVVM", "MVVM\MVVM.csproj", "{3F1D7500-87FF-454B-AEAD-CF750265E658}"
EndProject
Project("{FAE04EC0-301F-11D3-BF4B-00C04F79EFBC}") = "NullObject", "NullObject\NullObject.csproj", "{E9352543-7064-44E5-8725-9810441FB195}"
EndProject
Project("{FAE04EC0-301F-11D3-BF4B-00C04F79EFBC}") = "Observer", "Observer\Observer.csproj", "{8D68373F-1976-450E-8533-AFE7BBD2AAB3}"
EndProject
Project("{FAE04EC0-301F-11D3-BF4B-00C04F79EFBC}") = "Prototype", "Prototype\Prototype.csproj", "{A29EEAD4-B9F9-462C-8EDE-5ED903D6B257}"
EndProject
Project("{FAE04EC0-301F-11D3-BF4B-00C04F79EFBC}") = "Proxy", "Proxy\Proxy.csproj", "{55D60E00-476D-41E8-B8FD-59FFD21E0D5C}"
EndProject
Project("{FAE04EC0-301F-11D3-BF4B-00C04F79EFBC}") = "Repository", "Repository\Repository.csproj", "{3A59502D-F573-4277-BBFF-6989CFF7750E}"
EndProject
Project("{FAE04EC0-301F-11D3-BF4B-00C04F79EFBC}") = "Singleton", "Singleton\Singleton.csproj", "{41830411-C452-4D72-B6E4-6564892C2A56}"
EndProject
Project("{FAE04EC0-301F-11D3-BF4B-00C04F79EFBC}") = "ServiceLocator", "ServiceLocator\ServiceLocator.csproj", "{A55D8FF6-F696-4EA4-879D-96FFB1FFA021}"
EndProject
Project("{FAE04EC0-301F-11D3-BF4B-00C04F79EFBC}") = "State", "State\State.csproj", "{9E42999A-D8D7-4D70-B741-1F42C97860DA}"
EndProject
Project("{FAE04EC0-301F-11D3-BF4B-00C04F79EFBC}") = "Strategy", "Strategy\Strategy.csproj", "{C7DFA000-A893-417F-80DC-E3FB2E1966D9}"
EndProject
Project("{FAE04EC0-301F-11D3-BF4B-00C04F79EFBC}") = "TemplateMethod", "TemplateMethod\TemplateMethod.csproj", "{7EE3B57F-D572-44B9-BA26-1B75E627996D}"
EndProject
Project("{FAE04EC0-301F-11D3-BF4B-00C04F79EFBC}") = "UnitOfWork", "UnitOfWork\UnitOfWork.csproj", "{D43CDB83-5698-4B7B-957E-834219544375}"
EndProject
Project("{FAE04EC0-301F-11D3-BF4B-00C04F79EFBC}") = "Visitor", "Visitor\Visitor.csproj", "{F390FE5E-1490-45A8-A510-6D45CE8F6464}"
EndProject
Project("{FAE04EC0-301F-11D3-BF4B-00C04F79EFBC}") = "Rules", "Rules\Rules.csproj", "{E9613430-BD7B-431B-9DB8-D94EFC9001A2}"
EndProject
Project("{FAE04EC0-301F-11D3-BF4B-00C04F79EFBC}") = "Specification", "Specification\Specification.csproj", "{27029689-9BE8-4834-BA97-14078445FDA7}"
EndProject
Global
	GlobalSection(SolutionConfigurationPlatforms) = preSolution
		Debug|Any CPU = Debug|Any CPU
		Release|Any CPU = Release|Any CPU
	EndGlobalSection
	GlobalSection(ProjectConfigurationPlatforms) = postSolution
		{71577E93-E74E-43B5-A362-A814F03F6574}.Debug|Any CPU.ActiveCfg = Debug|Any CPU
		{71577E93-E74E-43B5-A362-A814F03F6574}.Debug|Any CPU.Build.0 = Debug|Any CPU
		{71577E93-E74E-43B5-A362-A814F03F6574}.Release|Any CPU.ActiveCfg = Release|Any CPU
		{71577E93-E74E-43B5-A362-A814F03F6574}.Release|Any CPU.Build.0 = Release|Any CPU
		{1E0A06D3-2C43-4029-B3D6-A4D51C1D19D4}.Debug|Any CPU.ActiveCfg = Debug|Any CPU
		{1E0A06D3-2C43-4029-B3D6-A4D51C1D19D4}.Debug|Any CPU.Build.0 = Debug|Any CPU
		{1E0A06D3-2C43-4029-B3D6-A4D51C1D19D4}.Release|Any CPU.ActiveCfg = Release|Any CPU
		{1E0A06D3-2C43-4029-B3D6-A4D51C1D19D4}.Release|Any CPU.Build.0 = Release|Any CPU
		{3A52443D-9C45-44F8-BC1B-517199123581}.Debug|Any CPU.ActiveCfg = Debug|Any CPU
		{3A52443D-9C45-44F8-BC1B-517199123581}.Debug|Any CPU.Build.0 = Debug|Any CPU
		{3A52443D-9C45-44F8-BC1B-517199123581}.Release|Any CPU.ActiveCfg = Release|Any CPU
		{3A52443D-9C45-44F8-BC1B-517199123581}.Release|Any CPU.Build.0 = Release|Any CPU
		{CD295223-E036-4BD4-A163-5DD4FE1EA6BD}.Debug|Any CPU.ActiveCfg = Debug|Any CPU
		{CD295223-E036-4BD4-A163-5DD4FE1EA6BD}.Debug|Any CPU.Build.0 = Debug|Any CPU
		{CD295223-E036-4BD4-A163-5DD4FE1EA6BD}.Release|Any CPU.ActiveCfg = Release|Any CPU
		{CD295223-E036-4BD4-A163-5DD4FE1EA6BD}.Release|Any CPU.Build.0 = Release|Any CPU
		{6EEDEB6D-9F12-4CAC-8517-2EA306098374}.Debug|Any CPU.ActiveCfg = Debug|Any CPU
		{6EEDEB6D-9F12-4CAC-8517-2EA306098374}.Debug|Any CPU.Build.0 = Debug|Any CPU
		{6EEDEB6D-9F12-4CAC-8517-2EA306098374}.Release|Any CPU.ActiveCfg = Release|Any CPU
		{6EEDEB6D-9F12-4CAC-8517-2EA306098374}.Release|Any CPU.Build.0 = Release|Any CPU
		{FCB55F01-59F0-4C7C-BC06-A553DBDE6552}.Debug|Any CPU.ActiveCfg = Debug|Any CPU
		{FCB55F01-59F0-4C7C-BC06-A553DBDE6552}.Debug|Any CPU.Build.0 = Debug|Any CPU
		{FCB55F01-59F0-4C7C-BC06-A553DBDE6552}.Release|Any CPU.ActiveCfg = Release|Any CPU
		{FCB55F01-59F0-4C7C-BC06-A553DBDE6552}.Release|Any CPU.Build.0 = Release|Any CPU
		{488FB008-255F-4FC3-B4CA-2BC10592A5D9}.Debug|Any CPU.ActiveCfg = Debug|Any CPU
		{488FB008-255F-4FC3-B4CA-2BC10592A5D9}.Debug|Any CPU.Build.0 = Debug|Any CPU
		{488FB008-255F-4FC3-B4CA-2BC10592A5D9}.Release|Any CPU.ActiveCfg = Release|Any CPU
		{488FB008-255F-4FC3-B4CA-2BC10592A5D9}.Release|Any CPU.Build.0 = Release|Any CPU
		{235759B4-D653-4DA4-9AB4-F7ECC1BC1421}.Debug|Any CPU.ActiveCfg = Debug|Any CPU
		{235759B4-D653-4DA4-9AB4-F7ECC1BC1421}.Debug|Any CPU.Build.0 = Debug|Any CPU
		{235759B4-D653-4DA4-9AB4-F7ECC1BC1421}.Release|Any CPU.ActiveCfg = Release|Any CPU
		{235759B4-D653-4DA4-9AB4-F7ECC1BC1421}.Release|Any CPU.Build.0 = Release|Any CPU
		{9350A29A-7BCD-4FC0-937D-760D76CD6FF0}.Debug|Any CPU.ActiveCfg = Debug|Any CPU
		{9350A29A-7BCD-4FC0-937D-760D76CD6FF0}.Debug|Any CPU.Build.0 = Debug|Any CPU
		{9350A29A-7BCD-4FC0-937D-760D76CD6FF0}.Release|Any CPU.ActiveCfg = Release|Any CPU
		{9350A29A-7BCD-4FC0-937D-760D76CD6FF0}.Release|Any CPU.Build.0 = Release|Any CPU
		{0D249F3D-F79B-4F2F-9087-C7101AC61E8F}.Debug|Any CPU.ActiveCfg = Debug|Any CPU
		{0D249F3D-F79B-4F2F-9087-C7101AC61E8F}.Debug|Any CPU.Build.0 = Debug|Any CPU
		{0D249F3D-F79B-4F2F-9087-C7101AC61E8F}.Release|Any CPU.ActiveCfg = Release|Any CPU
		{0D249F3D-F79B-4F2F-9087-C7101AC61E8F}.Release|Any CPU.Build.0 = Release|Any CPU
		{BC93DFCA-0E9C-44BE-A21D-00C398FAB8F6}.Debug|Any CPU.ActiveCfg = Debug|Any CPU
		{BC93DFCA-0E9C-44BE-A21D-00C398FAB8F6}.Debug|Any CPU.Build.0 = Debug|Any CPU
		{BC93DFCA-0E9C-44BE-A21D-00C398FAB8F6}.Release|Any CPU.ActiveCfg = Release|Any CPU
		{BC93DFCA-0E9C-44BE-A21D-00C398FAB8F6}.Release|Any CPU.Build.0 = Release|Any CPU
		{C9F46A28-F78E-48F2-8507-6E1B9D94D6FD}.Debug|Any CPU.ActiveCfg = Debug|Any CPU
		{C9F46A28-F78E-48F2-8507-6E1B9D94D6FD}.Debug|Any CPU.Build.0 = Debug|Any CPU
		{C9F46A28-F78E-48F2-8507-6E1B9D94D6FD}.Release|Any CPU.ActiveCfg = Release|Any CPU
		{C9F46A28-F78E-48F2-8507-6E1B9D94D6FD}.Release|Any CPU.Build.0 = Release|Any CPU
		{138F4793-42F2-4D8A-AB80-8415F5DCF7AE}.Debug|Any CPU.ActiveCfg = Debug|Any CPU
		{138F4793-42F2-4D8A-AB80-8415F5DCF7AE}.Debug|Any CPU.Build.0 = Debug|Any CPU
		{138F4793-42F2-4D8A-AB80-8415F5DCF7AE}.Release|Any CPU.ActiveCfg = Release|Any CPU
		{138F4793-42F2-4D8A-AB80-8415F5DCF7AE}.Release|Any CPU.Build.0 = Release|Any CPU
		{0E042479-93AB-4171-A8E1-BD754091C30E}.Debug|Any CPU.ActiveCfg = Debug|Any CPU
		{0E042479-93AB-4171-A8E1-BD754091C30E}.Debug|Any CPU.Build.0 = Debug|Any CPU
		{0E042479-93AB-4171-A8E1-BD754091C30E}.Release|Any CPU.ActiveCfg = Release|Any CPU
		{0E042479-93AB-4171-A8E1-BD754091C30E}.Release|Any CPU.Build.0 = Release|Any CPU
		{7C530D69-2570-4ADA-8E2C-9EF051A42176}.Debug|Any CPU.ActiveCfg = Debug|Any CPU
		{7C530D69-2570-4ADA-8E2C-9EF051A42176}.Debug|Any CPU.Build.0 = Debug|Any CPU
		{7C530D69-2570-4ADA-8E2C-9EF051A42176}.Release|Any CPU.ActiveCfg = Release|Any CPU
		{7C530D69-2570-4ADA-8E2C-9EF051A42176}.Release|Any CPU.Build.0 = Release|Any CPU
		{C65EF2F9-6401-4BB6-940F-47616A4C0399}.Debug|Any CPU.ActiveCfg = Debug|Any CPU
		{C65EF2F9-6401-4BB6-940F-47616A4C0399}.Debug|Any CPU.Build.0 = Debug|Any CPU
		{C65EF2F9-6401-4BB6-940F-47616A4C0399}.Release|Any CPU.ActiveCfg = Release|Any CPU
		{C65EF2F9-6401-4BB6-940F-47616A4C0399}.Release|Any CPU.Build.0 = Release|Any CPU
		{D98F4275-AEC6-4175-8C8A-0035B4E92DCE}.Debug|Any CPU.ActiveCfg = Debug|Any CPU
		{D98F4275-AEC6-4175-8C8A-0035B4E92DCE}.Debug|Any CPU.Build.0 = Debug|Any CPU
		{D98F4275-AEC6-4175-8C8A-0035B4E92DCE}.Release|Any CPU.ActiveCfg = Release|Any CPU
		{D98F4275-AEC6-4175-8C8A-0035B4E92DCE}.Release|Any CPU.Build.0 = Release|Any CPU
		{3F1D7500-87FF-454B-AEAD-CF750265E658}.Debug|Any CPU.ActiveCfg = Debug|Any CPU
		{3F1D7500-87FF-454B-AEAD-CF750265E658}.Debug|Any CPU.Build.0 = Debug|Any CPU
		{3F1D7500-87FF-454B-AEAD-CF750265E658}.Release|Any CPU.ActiveCfg = Release|Any CPU
		{3F1D7500-87FF-454B-AEAD-CF750265E658}.Release|Any CPU.Build.0 = Release|Any CPU
		{E9352543-7064-44E5-8725-9810441FB195}.Debug|Any CPU.ActiveCfg = Debug|Any CPU
		{E9352543-7064-44E5-8725-9810441FB195}.Debug|Any CPU.Build.0 = Debug|Any CPU
		{E9352543-7064-44E5-8725-9810441FB195}.Release|Any CPU.ActiveCfg = Release|Any CPU
		{E9352543-7064-44E5-8725-9810441FB195}.Release|Any CPU.Build.0 = Release|Any CPU
		{8D68373F-1976-450E-8533-AFE7BBD2AAB3}.Debug|Any CPU.ActiveCfg = Debug|Any CPU
		{8D68373F-1976-450E-8533-AFE7BBD2AAB3}.Debug|Any CPU.Build.0 = Debug|Any CPU
		{8D68373F-1976-450E-8533-AFE7BBD2AAB3}.Release|Any CPU.ActiveCfg = Release|Any CPU
		{8D68373F-1976-450E-8533-AFE7BBD2AAB3}.Release|Any CPU.Build.0 = Release|Any CPU
		{A29EEAD4-B9F9-462C-8EDE-5ED903D6B257}.Debug|Any CPU.ActiveCfg = Debug|Any CPU
		{A29EEAD4-B9F9-462C-8EDE-5ED903D6B257}.Debug|Any CPU.Build.0 = Debug|Any CPU
		{A29EEAD4-B9F9-462C-8EDE-5ED903D6B257}.Release|Any CPU.ActiveCfg = Release|Any CPU
		{A29EEAD4-B9F9-462C-8EDE-5ED903D6B257}.Release|Any CPU.Build.0 = Release|Any CPU
		{55D60E00-476D-41E8-B8FD-59FFD21E0D5C}.Debug|Any CPU.ActiveCfg = Debug|Any CPU
		{55D60E00-476D-41E8-B8FD-59FFD21E0D5C}.Debug|Any CPU.Build.0 = Debug|Any CPU
		{55D60E00-476D-41E8-B8FD-59FFD21E0D5C}.Release|Any CPU.ActiveCfg = Release|Any CPU
		{55D60E00-476D-41E8-B8FD-59FFD21E0D5C}.Release|Any CPU.Build.0 = Release|Any CPU
		{3A59502D-F573-4277-BBFF-6989CFF7750E}.Debug|Any CPU.ActiveCfg = Debug|Any CPU
		{3A59502D-F573-4277-BBFF-6989CFF7750E}.Debug|Any CPU.Build.0 = Debug|Any CPU
		{3A59502D-F573-4277-BBFF-6989CFF7750E}.Release|Any CPU.ActiveCfg = Release|Any CPU
		{3A59502D-F573-4277-BBFF-6989CFF7750E}.Release|Any CPU.Build.0 = Release|Any CPU
		{41830411-C452-4D72-B6E4-6564892C2A56}.Debug|Any CPU.ActiveCfg = Debug|Any CPU
		{41830411-C452-4D72-B6E4-6564892C2A56}.Debug|Any CPU.Build.0 = Debug|Any CPU
		{41830411-C452-4D72-B6E4-6564892C2A56}.Release|Any CPU.ActiveCfg = Release|Any CPU
		{41830411-C452-4D72-B6E4-6564892C2A56}.Release|Any CPU.Build.0 = Release|Any CPU
		{A55D8FF6-F696-4EA4-879D-96FFB1FFA021}.Debug|Any CPU.ActiveCfg = Debug|Any CPU
		{A55D8FF6-F696-4EA4-879D-96FFB1FFA021}.Debug|Any CPU.Build.0 = Debug|Any CPU
		{A55D8FF6-F696-4EA4-879D-96FFB1FFA021}.Release|Any CPU.ActiveCfg = Release|Any CPU
		{A55D8FF6-F696-4EA4-879D-96FFB1FFA021}.Release|Any CPU.Build.0 = Release|Any CPU
		{9E42999A-D8D7-4D70-B741-1F42C97860DA}.Debug|Any CPU.ActiveCfg = Debug|Any CPU
		{9E42999A-D8D7-4D70-B741-1F42C97860DA}.Debug|Any CPU.Build.0 = Debug|Any CPU
		{9E42999A-D8D7-4D70-B741-1F42C97860DA}.Release|Any CPU.ActiveCfg = Release|Any CPU
		{9E42999A-D8D7-4D70-B741-1F42C97860DA}.Release|Any CPU.Build.0 = Release|Any CPU
		{C7DFA000-A893-417F-80DC-E3FB2E1966D9}.Debug|Any CPU.ActiveCfg = Debug|Any CPU
		{C7DFA000-A893-417F-80DC-E3FB2E1966D9}.Debug|Any CPU.Build.0 = Debug|Any CPU
		{C7DFA000-A893-417F-80DC-E3FB2E1966D9}.Release|Any CPU.ActiveCfg = Release|Any CPU
		{C7DFA000-A893-417F-80DC-E3FB2E1966D9}.Release|Any CPU.Build.0 = Release|Any CPU
		{7EE3B57F-D572-44B9-BA26-1B75E627996D}.Debug|Any CPU.ActiveCfg = Debug|Any CPU
		{7EE3B57F-D572-44B9-BA26-1B75E627996D}.Debug|Any CPU.Build.0 = Debug|Any CPU
		{7EE3B57F-D572-44B9-BA26-1B75E627996D}.Release|Any CPU.ActiveCfg = Release|Any CPU
		{7EE3B57F-D572-44B9-BA26-1B75E627996D}.Release|Any CPU.Build.0 = Release|Any CPU
		{D43CDB83-5698-4B7B-957E-834219544375}.Debug|Any CPU.ActiveCfg = Debug|Any CPU
		{D43CDB83-5698-4B7B-957E-834219544375}.Debug|Any CPU.Build.0 = Debug|Any CPU
		{D43CDB83-5698-4B7B-957E-834219544375}.Release|Any CPU.ActiveCfg = Release|Any CPU
		{D43CDB83-5698-4B7B-957E-834219544375}.Release|Any CPU.Build.0 = Release|Any CPU
		{F390FE5E-1490-45A8-A510-6D45CE8F6464}.Debug|Any CPU.ActiveCfg = Debug|Any CPU
		{F390FE5E-1490-45A8-A510-6D45CE8F6464}.Debug|Any CPU.Build.0 = Debug|Any CPU
		{F390FE5E-1490-45A8-A510-6D45CE8F6464}.Release|Any CPU.ActiveCfg = Release|Any CPU
		{F390FE5E-1490-45A8-A510-6D45CE8F6464}.Release|Any CPU.Build.0 = Release|Any CPU
		{E9613430-BD7B-431B-9DB8-D94EFC9001A2}.Debug|Any CPU.ActiveCfg = Debug|Any CPU
		{E9613430-BD7B-431B-9DB8-D94EFC9001A2}.Debug|Any CPU.Build.0 = Debug|Any CPU
		{E9613430-BD7B-431B-9DB8-D94EFC9001A2}.Release|Any CPU.ActiveCfg = Release|Any CPU
		{E9613430-BD7B-431B-9DB8-D94EFC9001A2}.Release|Any CPU.Build.0 = Release|Any CPU
		{27029689-9BE8-4834-BA97-14078445FDA7}.Debug|Any CPU.ActiveCfg = Debug|Any CPU
		{27029689-9BE8-4834-BA97-14078445FDA7}.Debug|Any CPU.Build.0 = Debug|Any CPU
		{27029689-9BE8-4834-BA97-14078445FDA7}.Release|Any CPU.ActiveCfg = Release|Any CPU
		{27029689-9BE8-4834-BA97-14078445FDA7}.Release|Any CPU.Build.0 = Release|Any CPU
	EndGlobalSection
	GlobalSection(SolutionProperties) = preSolution
		HideSolutionNode = FALSE
	EndGlobalSection
EndGlobal
